
Microsoft Visual Studio Solution File, Format Version 12.00
# Visual Studio Version 17
VisualStudioVersion = 17.5.33424.131
MinimumVisualStudioVersion = 10.0.40219.1
Project("{9A19103F-16F7-4668-BE54-9A1E7A4F7556}") = "Exercicio01", "ListaExerciciosString\Exercicio01.csproj", "{BD5E51E6-B211-42C6-9B8F-359A992F4CCA}"
EndProject
Project("{9A19103F-16F7-4668-BE54-9A1E7A4F7556}") = "Exercicio02", "Exercicio02\Exercicio02.csproj", "{512524A8-9ADA-42F7-A34E-298EA5CD391C}"
EndProject
Project("{9A19103F-16F7-4668-BE54-9A1E7A4F7556}") = "Exercicio03", "Exercicio03\Exercicio03.csproj", "{23CE2838-B6C3-43DD-8332-5D556A4BAF75}"
EndProject
Project("{9A19103F-16F7-4668-BE54-9A1E7A4F7556}") = "Exercicio04", "Exercicio04\Exercicio04.csproj", "{DA2E79FA-5379-48F8-87D9-B5183B781542}"
EndProject
Project("{9A19103F-16F7-4668-BE54-9A1E7A4F7556}") = "Exercicio05", "Exercicio05\Exercicio05.csproj", "{6FF2F91B-4B11-4CF8-AC6C-90F0CA4E6D81}"
EndProject
Project("{9A19103F-16F7-4668-BE54-9A1E7A4F7556}") = "Exercicio06", "Exercicio06\Exercicio06.csproj", "{71AC2A9A-D58A-42B5-A105-0E1FA36147BD}"
EndProject
Global
	GlobalSection(SolutionConfigurationPlatforms) = preSolution
		Debug|Any CPU = Debug|Any CPU
		Release|Any CPU = Release|Any CPU
	EndGlobalSection
	GlobalSection(ProjectConfigurationPlatforms) = postSolution
		{BD5E51E6-B211-42C6-9B8F-359A992F4CCA}.Debug|Any CPU.ActiveCfg = Debug|Any CPU
		{BD5E51E6-B211-42C6-9B8F-359A992F4CCA}.Debug|Any CPU.Build.0 = Debug|Any CPU
		{BD5E51E6-B211-42C6-9B8F-359A992F4CCA}.Release|Any CPU.ActiveCfg = Release|Any CPU
		{BD5E51E6-B211-42C6-9B8F-359A992F4CCA}.Release|Any CPU.Build.0 = Release|Any CPU
		{512524A8-9ADA-42F7-A34E-298EA5CD391C}.Debug|Any CPU.ActiveCfg = Debug|Any CPU
		{512524A8-9ADA-42F7-A34E-298EA5CD391C}.Debug|Any CPU.Build.0 = Debug|Any CPU
		{512524A8-9ADA-42F7-A34E-298EA5CD391C}.Release|Any CPU.ActiveCfg = Release|Any CPU
		{512524A8-9ADA-42F7-A34E-298EA5CD391C}.Release|Any CPU.Build.0 = Release|Any CPU
		{23CE2838-B6C3-43DD-8332-5D556A4BAF75}.Debug|Any CPU.ActiveCfg = Debug|Any CPU
		{23CE2838-B6C3-43DD-8332-5D556A4BAF75}.Debug|Any CPU.Build.0 = Debug|Any CPU
		{23CE2838-B6C3-43DD-8332-5D556A4BAF75}.Release|Any CPU.ActiveCfg = Release|Any CPU
		{23CE2838-B6C3-43DD-8332-5D556A4BAF75}.Release|Any CPU.Build.0 = Release|Any CPU
		{DA2E79FA-5379-48F8-87D9-B5183B781542}.Debug|Any CPU.ActiveCfg = Debug|Any CPU
		{DA2E79FA-5379-48F8-87D9-B5183B781542}.Debug|Any CPU.Build.0 = Debug|Any CPU
		{DA2E79FA-5379-48F8-87D9-B5183B781542}.Release|Any CPU.ActiveCfg = Release|Any CPU
		{DA2E79FA-5379-48F8-87D9-B5183B781542}.Release|Any CPU.Build.0 = Release|Any CPU
		{6FF2F91B-4B11-4CF8-AC6C-90F0CA4E6D81}.Debug|Any CPU.ActiveCfg = Debug|Any CPU
		{6FF2F91B-4B11-4CF8-AC6C-90F0CA4E6D81}.Debug|Any CPU.Build.0 = Debug|Any CPU
		{6FF2F91B-4B11-4CF8-AC6C-90F0CA4E6D81}.Release|Any CPU.ActiveCfg = Release|Any CPU
		{6FF2F91B-4B11-4CF8-AC6C-90F0CA4E6D81}.Release|Any CPU.Build.0 = Release|Any CPU
		{71AC2A9A-D58A-42B5-A105-0E1FA36147BD}.Debug|Any CPU.ActiveCfg = Debug|Any CPU
		{71AC2A9A-D58A-42B5-A105-0E1FA36147BD}.Debug|Any CPU.Build.0 = Debug|Any CPU
		{71AC2A9A-D58A-42B5-A105-0E1FA36147BD}.Release|Any CPU.ActiveCfg = Release|Any CPU
		{71AC2A9A-D58A-42B5-A105-0E1FA36147BD}.Release|Any CPU.Build.0 = Release|Any CPU
	EndGlobalSection
	GlobalSection(SolutionProperties) = preSolution
		HideSolutionNode = FALSE
	EndGlobalSection
	GlobalSection(ExtensibilityGlobals) = postSolution
		SolutionGuid = {0DC21365-DDE5-4AC0-8297-FE0DAAA2D52C}
	EndGlobalSection
EndGlobal
